
Microsoft Visual Studio Solution File, Format Version 12.00
# Visual Studio Version 16
VisualStudioVersion = 16.0.30517.126
MinimumVisualStudioVersion = 10.0.40219.1
Project("{F184B08F-C81C-45F6-A57F-5ABD9991F28F}") = "TaxCalculator", "TaxCalculator.vbproj", "{1CA1ADD7-01B0-4D7E-AA0B-E509BA6CE898}"
EndProject
Global
	GlobalSection(SolutionConfigurationPlatforms) = preSolution
		Debug|Any CPU = Debug|Any CPU
		Release|Any CPU = Release|Any CPU
	EndGlobalSection
	GlobalSection(ProjectConfigurationPlatforms) = postSolution
		{1CA1ADD7-01B0-4D7E-AA0B-E509BA6CE898}.Debug|Any CPU.ActiveCfg = Debug|Any CPU
		{1CA1ADD7-01B0-4D7E-AA0B-E509BA6CE898}.Debug|Any CPU.Build.0 = Debug|Any CPU
		{1CA1ADD7-01B0-4D7E-AA0B-E509BA6CE898}.Release|Any CPU.ActiveCfg = Release|Any CPU
		{1CA1ADD7-01B0-4D7E-AA0B-E509BA6CE898}.Release|Any CPU.Build.0 = Release|Any CPU
	EndGlobalSection
	GlobalSection(SolutionProperties) = preSolution
		HideSolutionNode = FALSE
	EndGlobalSection
	GlobalSection(ExtensibilityGlobals) = postSolution
		SolutionGuid = {F696D8C7-3833-4533-AD26-0606D7C3C34D}
	EndGlobalSection
EndGlobal
